// !$*UTF8*$!
{
	archiveVersion = 1;
	classes = {
	};
	objectVersion = 56;
	objects = {

/* Begin PBXBuildFile section */
		C52279EE2AE6EA9800B7387D /* DailyScrum.swift in Sources */ = {isa = PBXBuildFile; fileRef = C52279ED2AE6EA9800B7387D /* DailyScrum.swift */; };
		C52279F02AE6EAE300B7387D /* CardView.swift in Sources */ = {isa = PBXBuildFile; fileRef = C52279EF2AE6EAE300B7387D /* CardView.swift */; };
		C5246CD32B45FD1E00AAA49E /* DetailEditView.swift in Sources */ = {isa = PBXBuildFile; fileRef = C5246CD22B45FD1E00AAA49E /* DetailEditView.swift */; };
		C524A7F92B46EE5000709175 /* ThemeView.swift in Sources */ = {isa = PBXBuildFile; fileRef = C524A7F82B46EE5000709175 /* ThemeView.swift */; };
		C524A7FB2B46F03600709175 /* ThemePicker.swift in Sources */ = {isa = PBXBuildFile; fileRef = C524A7FA2B46F03600709175 /* ThemePicker.swift */; };
		C524A7FE2B483FCE00709175 /* MeetingHeaderView.swift in Sources */ = {isa = PBXBuildFile; fileRef = C524A7FD2B483FCE00709175 /* MeetingHeaderView.swift */; };
		C539AE4E2B7CEEAE00CA5AD6 /* History.swift in Sources */ = {isa = PBXBuildFile; fileRef = C539AE4D2B7CEEAE00CA5AD6 /* History.swift */; };
		C54EB2682AE9AC6700E31AA5 /* ScrumsView.swift in Sources */ = {isa = PBXBuildFile; fileRef = C54EB2672AE9AC6700E31AA5 /* ScrumsView.swift */; };
		C57E12232B7F6C7700557FC5 /* ScrumStore.swift in Sources */ = {isa = PBXBuildFile; fileRef = C57E12222B7F6C7700557FC5 /* ScrumStore.swift */; };
		C57E12252B7F742200557FC5 /* ErrorWrapper.swift in Sources */ = {isa = PBXBuildFile; fileRef = C57E12242B7F742200557FC5 /* ErrorWrapper.swift */; };
		C57E12272B7F745800557FC5 /* ErrorView.swift in Sources */ = {isa = PBXBuildFile; fileRef = C57E12262B7F745800557FC5 /* ErrorView.swift */; };
		C593D8282BBFF32900F2740E /* MeetingTimerView.swift in Sources */ = {isa = PBXBuildFile; fileRef = C593D8272BBFF32900F2740E /* MeetingTimerView.swift */; };
		C595F8F12BC9168D00EC771C /* HistoryView.swift in Sources */ = {isa = PBXBuildFile; fileRef = C595F8F02BC9168D00EC771C /* HistoryView.swift */; };
		C5C1603C2BBFF61D005B73F3 /* SpeakerArc.swift in Sources */ = {isa = PBXBuildFile; fileRef = C5C1603B2BBFF61D005B73F3 /* SpeakerArc.swift */; };
		C5C1603E2BC912F9005B73F3 /* SpeechRecognizer.swift in Sources */ = {isa = PBXBuildFile; fileRef = C5C1603D2BC912F9005B73F3 /* SpeechRecognizer.swift */; };
		C5D843E92B28F0EB00E9C709 /* DetailView.swift in Sources */ = {isa = PBXBuildFile; fileRef = C5D843E82B28F0EB00E9C709 /* DetailView.swift */; };
		C5D9D9CC2B7364AF006C18FE /* ScrumTimer.swift in Sources */ = {isa = PBXBuildFile; fileRef = C5D9D9CB2B7364AF006C18FE /* ScrumTimer.swift */; };
		C5D9D9CE2B736754006C18FE /* MeetingFooterView.swift in Sources */ = {isa = PBXBuildFile; fileRef = C5D9D9CD2B736754006C18FE /* MeetingFooterView.swift */; };
		C5E69A182B7634CD002343E1 /* NewScrumSheet.swift in Sources */ = {isa = PBXBuildFile; fileRef = C5E69A172B7634CD002343E1 /* NewScrumSheet.swift */; };
		C5E713EA2AE6D8A900DA10F5 /* scrumdingerApp.swift in Sources */ = {isa = PBXBuildFile; fileRef = C5E713E92AE6D8A900DA10F5 /* scrumdingerApp.swift */; };
		C5E713EC2AE6D8A900DA10F5 /* MeetingView.swift in Sources */ = {isa = PBXBuildFile; fileRef = C5E713EB2AE6D8A900DA10F5 /* MeetingView.swift */; };
		C5E713EE2AE6D8AA00DA10F5 /* Assets.xcassets in Resources */ = {isa = PBXBuildFile; fileRef = C5E713ED2AE6D8AA00DA10F5 /* Assets.xcassets */; };
		C5E713F12AE6D8AA00DA10F5 /* Preview Assets.xcassets in Resources */ = {isa = PBXBuildFile; fileRef = C5E713F02AE6D8AA00DA10F5 /* Preview Assets.xcassets */; };
		C5E713FB2AE6D8AA00DA10F5 /* scrumdingerTests.swift in Sources */ = {isa = PBXBuildFile; fileRef = C5E713FA2AE6D8AA00DA10F5 /* scrumdingerTests.swift */; };
		C5E714052AE6D8AA00DA10F5 /* scrumdingerUITests.swift in Sources */ = {isa = PBXBuildFile; fileRef = C5E714042AE6D8AA00DA10F5 /* scrumdingerUITests.swift */; };
		C5E714072AE6D8AA00DA10F5 /* scrumdingerUITestsLaunchTests.swift in Sources */ = {isa = PBXBuildFile; fileRef = C5E714062AE6D8AA00DA10F5 /* scrumdingerUITestsLaunchTests.swift */; };
		C5E714152AE6E5B800DA10F5 /* Theme.swift in Sources */ = {isa = PBXBuildFile; fileRef = C5E714142AE6E5B800DA10F5 /* Theme.swift */; };
/* End PBXBuildFile section */

/* Begin PBXContainerItemProxy section */
		C5E713F72AE6D8AA00DA10F5 /* PBXContainerItemProxy */ = {
			isa = PBXContainerItemProxy;
			containerPortal = C5E713DE2AE6D8A900DA10F5 /* Project object */;
			proxyType = 1;
			remoteGlobalIDString = C5E713E52AE6D8A900DA10F5;
			remoteInfo = scrumdinger;
		};
		C5E714012AE6D8AA00DA10F5 /* PBXContainerItemProxy */ = {
			isa = PBXContainerItemProxy;
			containerPortal = C5E713DE2AE6D8A900DA10F5 /* Project object */;
			proxyType = 1;
			remoteGlobalIDString = C5E713E52AE6D8A900DA10F5;
			remoteInfo = scrumdinger;
		};
/* End PBXContainerItemProxy section */

/* Begin PBXFileReference section */
		C52279ED2AE6EA9800B7387D /* DailyScrum.swift */ = {isa = PBXFileReference; lastKnownFileType = sourcecode.swift; path = DailyScrum.swift; sourceTree = "<group>"; };
		C52279EF2AE6EAE300B7387D /* CardView.swift */ = {isa = PBXFileReference; lastKnownFileType = sourcecode.swift; path = CardView.swift; sourceTree = "<group>"; };
		C5246CD22B45FD1E00AAA49E /* DetailEditView.swift */ = {isa = PBXFileReference; lastKnownFileType = sourcecode.swift; path = DetailEditView.swift; sourceTree = "<group>"; };
		C524A7F82B46EE5000709175 /* ThemeView.swift */ = {isa = PBXFileReference; lastKnownFileType = sourcecode.swift; path = ThemeView.swift; sourceTree = "<group>"; };
		C524A7FA2B46F03600709175 /* ThemePicker.swift */ = {isa = PBXFileReference; lastKnownFileType = sourcecode.swift; path = ThemePicker.swift; sourceTree = "<group>"; };
		C524A7FD2B483FCE00709175 /* MeetingHeaderView.swift */ = {isa = PBXFileReference; lastKnownFileType = sourcecode.swift; path = MeetingHeaderView.swift; sourceTree = "<group>"; };
		C539AE4D2B7CEEAE00CA5AD6 /* History.swift */ = {isa = PBXFileReference; lastKnownFileType = sourcecode.swift; path = History.swift; sourceTree = "<group>"; };
		C54EB2672AE9AC6700E31AA5 /* ScrumsView.swift */ = {isa = PBXFileReference; lastKnownFileType = sourcecode.swift; path = ScrumsView.swift; sourceTree = "<group>"; };
		C57E12222B7F6C7700557FC5 /* ScrumStore.swift */ = {isa = PBXFileReference; lastKnownFileType = sourcecode.swift; path = ScrumStore.swift; sourceTree = "<group>"; };
		C57E12242B7F742200557FC5 /* ErrorWrapper.swift */ = {isa = PBXFileReference; lastKnownFileType = sourcecode.swift; path = ErrorWrapper.swift; sourceTree = "<group>"; };
		C57E12262B7F745800557FC5 /* ErrorView.swift */ = {isa = PBXFileReference; lastKnownFileType = sourcecode.swift; path = ErrorView.swift; sourceTree = "<group>"; };
		C593D8272BBFF32900F2740E /* MeetingTimerView.swift */ = {isa = PBXFileReference; lastKnownFileType = sourcecode.swift; path = MeetingTimerView.swift; sourceTree = "<group>"; };
		C595F8F02BC9168D00EC771C /* HistoryView.swift */ = {isa = PBXFileReference; lastKnownFileType = sourcecode.swift; path = HistoryView.swift; sourceTree = "<group>"; };
		C5C1603B2BBFF61D005B73F3 /* SpeakerArc.swift */ = {isa = PBXFileReference; lastKnownFileType = sourcecode.swift; path = SpeakerArc.swift; sourceTree = "<group>"; };
		C5C1603D2BC912F9005B73F3 /* SpeechRecognizer.swift */ = {isa = PBXFileReference; lastKnownFileType = sourcecode.swift; path = SpeechRecognizer.swift; sourceTree = "<group>"; };
		C5D843E82B28F0EB00E9C709 /* DetailView.swift */ = {isa = PBXFileReference; lastKnownFileType = sourcecode.swift; path = DetailView.swift; sourceTree = "<group>"; };
		C5D9D9CB2B7364AF006C18FE /* ScrumTimer.swift */ = {isa = PBXFileReference; lastKnownFileType = sourcecode.swift; path = ScrumTimer.swift; sourceTree = "<group>"; };
		C5D9D9CD2B736754006C18FE /* MeetingFooterView.swift */ = {isa = PBXFileReference; lastKnownFileType = sourcecode.swift; path = MeetingFooterView.swift; sourceTree = "<group>"; };
		C5E69A172B7634CD002343E1 /* NewScrumSheet.swift */ = {isa = PBXFileReference; lastKnownFileType = sourcecode.swift; path = NewScrumSheet.swift; sourceTree = "<group>"; };
		C5E713E62AE6D8A900DA10F5 /* scrumdinger.app */ = {isa = PBXFileReference; explicitFileType = wrapper.application; includeInIndex = 0; path = scrumdinger.app; sourceTree = BUILT_PRODUCTS_DIR; };
		C5E713E92AE6D8A900DA10F5 /* scrumdingerApp.swift */ = {isa = PBXFileReference; lastKnownFileType = sourcecode.swift; path = scrumdingerApp.swift; sourceTree = "<group>"; };
		C5E713EB2AE6D8A900DA10F5 /* MeetingView.swift */ = {isa = PBXFileReference; lastKnownFileType = sourcecode.swift; path = MeetingView.swift; sourceTree = "<group>"; };
		C5E713ED2AE6D8AA00DA10F5 /* Assets.xcassets */ = {isa = PBXFileReference; lastKnownFileType = folder.assetcatalog; path = Assets.xcassets; sourceTree = "<group>"; };
		C5E713F02AE6D8AA00DA10F5 /* Preview Assets.xcassets */ = {isa = PBXFileReference; lastKnownFileType = folder.assetcatalog; path = "Preview Assets.xcassets"; sourceTree = "<group>"; };
		C5E713F62AE6D8AA00DA10F5 /* scrumdingerTests.xctest */ = {isa = PBXFileReference; explicitFileType = wrapper.cfbundle; includeInIndex = 0; path = scrumdingerTests.xctest; sourceTree = BUILT_PRODUCTS_DIR; };
		C5E713FA2AE6D8AA00DA10F5 /* scrumdingerTests.swift */ = {isa = PBXFileReference; lastKnownFileType = sourcecode.swift; path = scrumdingerTests.swift; sourceTree = "<group>"; };
		C5E714002AE6D8AA00DA10F5 /* scrumdingerUITests.xctest */ = {isa = PBXFileReference; explicitFileType = wrapper.cfbundle; includeInIndex = 0; path = scrumdingerUITests.xctest; sourceTree = BUILT_PRODUCTS_DIR; };
		C5E714042AE6D8AA00DA10F5 /* scrumdingerUITests.swift */ = {isa = PBXFileReference; lastKnownFileType = sourcecode.swift; path = scrumdingerUITests.swift; sourceTree = "<group>"; };
		C5E714062AE6D8AA00DA10F5 /* scrumdingerUITestsLaunchTests.swift */ = {isa = PBXFileReference; lastKnownFileType = sourcecode.swift; path = scrumdingerUITestsLaunchTests.swift; sourceTree = "<group>"; };
		C5E714142AE6E5B800DA10F5 /* Theme.swift */ = {isa = PBXFileReference; lastKnownFileType = sourcecode.swift; path = Theme.swift; sourceTree = "<group>"; };
/* End PBXFileReference section */

/* Begin PBXFrameworksBuildPhase section */
		C5E713E32AE6D8A900DA10F5 /* Frameworks */ = {
			isa = PBXFrameworksBuildPhase;
			buildActionMask = 2147483647;
			files = (
			);
			runOnlyForDeploymentPostprocessing = 0;
		};
		C5E713F32AE6D8AA00DA10F5 /* Frameworks */ = {
			isa = PBXFrameworksBuildPhase;
			buildActionMask = 2147483647;
			files = (
			);
			runOnlyForDeploymentPostprocessing = 0;
		};
		C5E713FD2AE6D8AA00DA10F5 /* Frameworks */ = {
			isa = PBXFrameworksBuildPhase;
			buildActionMask = 2147483647;
			files = (
			);
			runOnlyForDeploymentPostprocessing = 0;
		};
/* End PBXFrameworksBuildPhase section */

/* Begin PBXGroup section */
		C524A7FC2B46F89400709175 /* Views */ = {
			isa = PBXGroup;
			children = (
				C5E713EB2AE6D8A900DA10F5 /* MeetingView.swift */,
				C52279EF2AE6EAE300B7387D /* CardView.swift */,
				C54EB2672AE9AC6700E31AA5 /* ScrumsView.swift */,
				C5D843E82B28F0EB00E9C709 /* DetailView.swift */,
				C5246CD22B45FD1E00AAA49E /* DetailEditView.swift */,
				C524A7F82B46EE5000709175 /* ThemeView.swift */,
				C524A7FA2B46F03600709175 /* ThemePicker.swift */,
				C524A7FD2B483FCE00709175 /* MeetingHeaderView.swift */,
				C5D9D9CD2B736754006C18FE /* MeetingFooterView.swift */,
				C5E69A172B7634CD002343E1 /* NewScrumSheet.swift */,
				C57E12262B7F745800557FC5 /* ErrorView.swift */,
				C593D8272BBFF32900F2740E /* MeetingTimerView.swift */,
				C5C1603B2BBFF61D005B73F3 /* SpeakerArc.swift */,
				C595F8F02BC9168D00EC771C /* HistoryView.swift */,
			);
			path = Views;
			sourceTree = "<group>";
		};
		C5E713DD2AE6D8A900DA10F5 = {
			isa = PBXGroup;
			children = (
				C5E713E82AE6D8A900DA10F5 /* scrumdinger */,
				C5E713F92AE6D8AA00DA10F5 /* scrumdingerTests */,
				C5E714032AE6D8AA00DA10F5 /* scrumdingerUITests */,
				C5E713E72AE6D8A900DA10F5 /* Products */,
			);
			sourceTree = "<group>";
		};
		C5E713E72AE6D8A900DA10F5 /* Products */ = {
			isa = PBXGroup;
			children = (
				C5E713E62AE6D8A900DA10F5 /* scrumdinger.app */,
				C5E713F62AE6D8AA00DA10F5 /* scrumdingerTests.xctest */,
				C5E714002AE6D8AA00DA10F5 /* scrumdingerUITests.xctest */,
			);
			name = Products;
			sourceTree = "<group>";
		};
		C5E713E82AE6D8A900DA10F5 /* scrumdinger */ = {
			isa = PBXGroup;
			children = (
				C524A7FC2B46F89400709175 /* Views */,
				C5E714132AE6E59A00DA10F5 /* Models */,
				C5E713E92AE6D8A900DA10F5 /* scrumdingerApp.swift */,
				C5E713ED2AE6D8AA00DA10F5 /* Assets.xcassets */,
				C5E713EF2AE6D8AA00DA10F5 /* Preview Content */,
			);
			path = scrumdinger;
			sourceTree = "<group>";
		};
		C5E713EF2AE6D8AA00DA10F5 /* Preview Content */ = {
			isa = PBXGroup;
			children = (
				C5E713F02AE6D8AA00DA10F5 /* Preview Assets.xcassets */,
			);
			path = "Preview Content";
			sourceTree = "<group>";
		};
		C5E713F92AE6D8AA00DA10F5 /* scrumdingerTests */ = {
			isa = PBXGroup;
			children = (
				C5E713FA2AE6D8AA00DA10F5 /* scrumdingerTests.swift */,
			);
			path = scrumdingerTests;
			sourceTree = "<group>";
		};
		C5E714032AE6D8AA00DA10F5 /* scrumdingerUITests */ = {
			isa = PBXGroup;
			children = (
				C5E714042AE6D8AA00DA10F5 /* scrumdingerUITests.swift */,
				C5E714062AE6D8AA00DA10F5 /* scrumdingerUITestsLaunchTests.swift */,
			);
			path = scrumdingerUITests;
			sourceTree = "<group>";
		};
		C5E714132AE6E59A00DA10F5 /* Models */ = {
			isa = PBXGroup;
			children = (
				C5E714142AE6E5B800DA10F5 /* Theme.swift */,
				C52279ED2AE6EA9800B7387D /* DailyScrum.swift */,
				C5D9D9CB2B7364AF006C18FE /* ScrumTimer.swift */,
				C539AE4D2B7CEEAE00CA5AD6 /* History.swift */,
				C57E12222B7F6C7700557FC5 /* ScrumStore.swift */,
				C57E12242B7F742200557FC5 /* ErrorWrapper.swift */,
				C5C1603D2BC912F9005B73F3 /* SpeechRecognizer.swift */,
			);
			path = Models;
			sourceTree = "<group>";
		};
/* End PBXGroup section */

/* Begin PBXNativeTarget section */
		C5E713E52AE6D8A900DA10F5 /* scrumdinger */ = {
			isa = PBXNativeTarget;
			buildConfigurationList = C5E7140A2AE6D8AA00DA10F5 /* Build configuration list for PBXNativeTarget "scrumdinger" */;
			buildPhases = (
				C5E713E22AE6D8A900DA10F5 /* Sources */,
				C5E713E32AE6D8A900DA10F5 /* Frameworks */,
				C5E713E42AE6D8A900DA10F5 /* Resources */,
			);
			buildRules = (
			);
			dependencies = (
			);
			name = scrumdinger;
			productName = scrumdinger;
			productReference = C5E713E62AE6D8A900DA10F5 /* scrumdinger.app */;
			productType = "com.apple.product-type.application";
		};
		C5E713F52AE6D8AA00DA10F5 /* scrumdingerTests */ = {
			isa = PBXNativeTarget;
			buildConfigurationList = C5E7140D2AE6D8AA00DA10F5 /* Build configuration list for PBXNativeTarget "scrumdingerTests" */;
			buildPhases = (
				C5E713F22AE6D8AA00DA10F5 /* Sources */,
				C5E713F32AE6D8AA00DA10F5 /* Frameworks */,
				C5E713F42AE6D8AA00DA10F5 /* Resources */,
			);
			buildRules = (
			);
			dependencies = (
				C5E713F82AE6D8AA00DA10F5 /* PBXTargetDependency */,
			);
			name = scrumdingerTests;
			productName = scrumdingerTests;
			productReference = C5E713F62AE6D8AA00DA10F5 /* scrumdingerTests.xctest */;
			productType = "com.apple.product-type.bundle.unit-test";
		};
		C5E713FF2AE6D8AA00DA10F5 /* scrumdingerUITests */ = {
			isa = PBXNativeTarget;
			buildConfigurationList = C5E714102AE6D8AA00DA10F5 /* Build configuration list for PBXNativeTarget "scrumdingerUITests" */;
			buildPhases = (
				C5E713FC2AE6D8AA00DA10F5 /* Sources */,
				C5E713FD2AE6D8AA00DA10F5 /* Frameworks */,
				C5E713FE2AE6D8AA00DA10F5 /* Resources */,
			);
			buildRules = (
			);
			dependencies = (
				C5E714022AE6D8AA00DA10F5 /* PBXTargetDependency */,
			);
			name = scrumdingerUITests;
			productName = scrumdingerUITests;
			productReference = C5E714002AE6D8AA00DA10F5 /* scrumdingerUITests.xctest */;
			productType = "com.apple.product-type.bundle.ui-testing";
		};
/* End PBXNativeTarget section */

/* Begin PBXProject section */
		C5E713DE2AE6D8A900DA10F5 /* Project object */ = {
			isa = PBXProject;
			attributes = {
				BuildIndependentTargetsInParallel = 1;
				LastSwiftUpdateCheck = 1500;
				LastUpgradeCheck = 1500;
				TargetAttributes = {
					C5E713E52AE6D8A900DA10F5 = {
						CreatedOnToolsVersion = 15.0.1;
					};
					C5E713F52AE6D8AA00DA10F5 = {
						CreatedOnToolsVersion = 15.0.1;
						TestTargetID = C5E713E52AE6D8A900DA10F5;
					};
					C5E713FF2AE6D8AA00DA10F5 = {
						CreatedOnToolsVersion = 15.0.1;
						TestTargetID = C5E713E52AE6D8A900DA10F5;
					};
				};
			};
			buildConfigurationList = C5E713E12AE6D8A900DA10F5 /* Build configuration list for PBXProject "scrumdinger" */;
			compatibilityVersion = "Xcode 14.0";
			developmentRegion = en;
			hasScannedForEncodings = 0;
			knownRegions = (
				en,
				Base,
			);
			mainGroup = C5E713DD2AE6D8A900DA10F5;
			productRefGroup = C5E713E72AE6D8A900DA10F5 /* Products */;
			projectDirPath = "";
			projectRoot = "";
			targets = (
				C5E713E52AE6D8A900DA10F5 /* scrumdinger */,
				C5E713F52AE6D8AA00DA10F5 /* scrumdingerTests */,
				C5E713FF2AE6D8AA00DA10F5 /* scrumdingerUITests */,
			);
		};
/* End PBXProject section */

/* Begin PBXResourcesBuildPhase section */
		C5E713E42AE6D8A900DA10F5 /* Resources */ = {
			isa = PBXResourcesBuildPhase;
			buildActionMask = 2147483647;
			files = (
				C5E713F12AE6D8AA00DA10F5 /* Preview Assets.xcassets in Resources */,
				C5E713EE2AE6D8AA00DA10F5 /* Assets.xcassets in Resources */,
			);
			runOnlyForDeploymentPostprocessing = 0;
		};
		C5E713F42AE6D8AA00DA10F5 /* Resources */ = {
			isa = PBXResourcesBuildPhase;
			buildActionMask = 2147483647;
			files = (
			);
			runOnlyForDeploymentPostprocessing = 0;
		};
		C5E713FE2AE6D8AA00DA10F5 /* Resources */ = {
			isa = PBXResourcesBuildPhase;
			buildActionMask = 2147483647;
			files = (
			);
			runOnlyForDeploymentPostprocessing = 0;
		};
/* End PBXResourcesBuildPhase section */

/* Begin PBXSourcesBuildPhase section */
		C5E713E22AE6D8A900DA10F5 /* Sources */ = {
			isa = PBXSourcesBuildPhase;
			buildActionMask = 2147483647;
			files = (
				C524A7FB2B46F03600709175 /* ThemePicker.swift in Sources */,
				C52279EE2AE6EA9800B7387D /* DailyScrum.swift in Sources */,
				C57E12252B7F742200557FC5 /* ErrorWrapper.swift in Sources */,
				C57E12232B7F6C7700557FC5 /* ScrumStore.swift in Sources */,
				C5D843E92B28F0EB00E9C709 /* DetailView.swift in Sources */,
				C595F8F12BC9168D00EC771C /* HistoryView.swift in Sources */,
				C5E714152AE6E5B800DA10F5 /* Theme.swift in Sources */,
				C5D9D9CE2B736754006C18FE /* MeetingFooterView.swift in Sources */,
				C57E12272B7F745800557FC5 /* ErrorView.swift in Sources */,
				C54EB2682AE9AC6700E31AA5 /* ScrumsView.swift in Sources */,
				C5246CD32B45FD1E00AAA49E /* DetailEditView.swift in Sources */,
				C5D9D9CC2B7364AF006C18FE /* ScrumTimer.swift in Sources */,
				C524A7FE2B483FCE00709175 /* MeetingHeaderView.swift in Sources */,
				C5C1603C2BBFF61D005B73F3 /* SpeakerArc.swift in Sources */,
				C539AE4E2B7CEEAE00CA5AD6 /* History.swift in Sources */,
				C5C1603E2BC912F9005B73F3 /* SpeechRecognizer.swift in Sources */,
				C5E713EC2AE6D8A900DA10F5 /* MeetingView.swift in Sources */,
				C5E713EA2AE6D8A900DA10F5 /* scrumdingerApp.swift in Sources */,
				C593D8282BBFF32900F2740E /* MeetingTimerView.swift in Sources */,
				C524A7F92B46EE5000709175 /* ThemeView.swift in Sources */,
				C52279F02AE6EAE300B7387D /* CardView.swift in Sources */,
				C5E69A182B7634CD002343E1 /* NewScrumSheet.swift in Sources */,
			);
			runOnlyForDeploymentPostprocessing = 0;
		};
		C5E713F22AE6D8AA00DA10F5 /* Sources */ = {
			isa = PBXSourcesBuildPhase;
			buildActionMask = 2147483647;
			files = (
				C5E713FB2AE6D8AA00DA10F5 /* scrumdingerTests.swift in Sources */,
			);
			runOnlyForDeploymentPostprocessing = 0;
		};
		C5E713FC2AE6D8AA00DA10F5 /* Sources */ = {
			isa = PBXSourcesBuildPhase;
			buildActionMask = 2147483647;
			files = (
				C5E714072AE6D8AA00DA10F5 /* scrumdingerUITestsLaunchTests.swift in Sources */,
				C5E714052AE6D8AA00DA10F5 /* scrumdingerUITests.swift in Sources */,
			);
			runOnlyForDeploymentPostprocessing = 0;
		};
/* End PBXSourcesBuildPhase section */

/* Begin PBXTargetDependency section */
		C5E713F82AE6D8AA00DA10F5 /* PBXTargetDependency */ = {
			isa = PBXTargetDependency;
			target = C5E713E52AE6D8A900DA10F5 /* scrumdinger */;
			targetProxy = C5E713F72AE6D8AA00DA10F5 /* PBXContainerItemProxy */;
		};
		C5E714022AE6D8AA00DA10F5 /* PBXTargetDependency */ = {
			isa = PBXTargetDependency;
			target = C5E713E52AE6D8A900DA10F5 /* scrumdinger */;
			targetProxy = C5E714012AE6D8AA00DA10F5 /* PBXContainerItemProxy */;
		};
/* End PBXTargetDependency section */

/* Begin XCBuildConfiguration section */
		C5E714082AE6D8AA00DA10F5 /* Debug */ = {
			isa = XCBuildConfiguration;
			buildSettings = {
				ALWAYS_SEARCH_USER_PATHS = NO;
				ASSETCATALOG_COMPILER_GENERATE_SWIFT_ASSET_SYMBOL_EXTENSIONS = YES;
				CLANG_ANALYZER_NONNULL = YES;
				CLANG_ANALYZER_NUMBER_OBJECT_CONVERSION = YES_AGGRESSIVE;
				CLANG_CXX_LANGUAGE_STANDARD = "gnu++20";
				CLANG_ENABLE_MODULES = YES;
				CLANG_ENABLE_OBJC_ARC = YES;
				CLANG_ENABLE_OBJC_WEAK = YES;
				CLANG_WARN_BLOCK_CAPTURE_AUTORELEASING = YES;
				CLANG_WARN_BOOL_CONVERSION = YES;
				CLANG_WARN_COMMA = YES;
				CLANG_WARN_CONSTANT_CONVERSION = YES;
				CLANG_WARN_DEPRECATED_OBJC_IMPLEMENTATIONS = YES;
				CLANG_WARN_DIRECT_OBJC_ISA_USAGE = YES_ERROR;
				CLANG_WARN_DOCUMENTATION_COMMENTS = YES;
				CLANG_WARN_EMPTY_BODY = YES;
				CLANG_WARN_ENUM_CONVERSION = YES;
				CLANG_WARN_INFINITE_RECURSION = YES;
				CLANG_WARN_INT_CONVERSION = YES;
				CLANG_WARN_NON_LITERAL_NULL_CONVERSION = YES;
				CLANG_WARN_OBJC_IMPLICIT_RETAIN_SELF = YES;
				CLANG_WARN_OBJC_LITERAL_CONVERSION = YES;
				CLANG_WARN_OBJC_ROOT_CLASS = YES_ERROR;
				CLANG_WARN_QUOTED_INCLUDE_IN_FRAMEWORK_HEADER = YES;
				CLANG_WARN_RANGE_LOOP_ANALYSIS = YES;
				CLANG_WARN_STRICT_PROTOTYPES = YES;
				CLANG_WARN_SUSPICIOUS_MOVE = YES;
				CLANG_WARN_UNGUARDED_AVAILABILITY = YES_AGGRESSIVE;
				CLANG_WARN_UNREACHABLE_CODE = YES;
				CLANG_WARN__DUPLICATE_METHOD_MATCH = YES;
				COPY_PHASE_STRIP = NO;
				DEBUG_INFORMATION_FORMAT = dwarf;
				ENABLE_STRICT_OBJC_MSGSEND = YES;
				ENABLE_TESTABILITY = YES;
				ENABLE_USER_SCRIPT_SANDBOXING = YES;
				GCC_C_LANGUAGE_STANDARD = gnu17;
				GCC_DYNAMIC_NO_PIC = NO;
				GCC_NO_COMMON_BLOCKS = YES;
				GCC_OPTIMIZATION_LEVEL = 0;
				GCC_PREPROCESSOR_DEFINITIONS = (
					"DEBUG=1",
					"$(inherited)",
				);
				GCC_WARN_64_TO_32_BIT_CONVERSION = YES;
				GCC_WARN_ABOUT_RETURN_TYPE = YES_ERROR;
				GCC_WARN_UNDECLARED_SELECTOR = YES;
				GCC_WARN_UNINITIALIZED_AUTOS = YES_AGGRESSIVE;
				GCC_WARN_UNUSED_FUNCTION = YES;
				GCC_WARN_UNUSED_VARIABLE = YES;
				IPHONEOS_DEPLOYMENT_TARGET = 17.0;
				LOCALIZATION_PREFERS_STRING_CATALOGS = YES;
				MTL_ENABLE_DEBUG_INFO = INCLUDE_SOURCE;
				MTL_FAST_MATH = YES;
				ONLY_ACTIVE_ARCH = YES;
				SDKROOT = iphoneos;
				SWIFT_ACTIVE_COMPILATION_CONDITIONS = "DEBUG $(inherited)";
				SWIFT_OPTIMIZATION_LEVEL = "-Onone";
			};
			name = Debug;
		};
		C5E714092AE6D8AA00DA10F5 /* Release */ = {
			isa = XCBuildConfiguration;
			buildSettings = {
				ALWAYS_SEARCH_USER_PATHS = NO;
				ASSETCATALOG_COMPILER_GENERATE_SWIFT_ASSET_SYMBOL_EXTENSIONS = YES;
				CLANG_ANALYZER_NONNULL = YES;
				CLANG_ANALYZER_NUMBER_OBJECT_CONVERSION = YES_AGGRESSIVE;
				CLANG_CXX_LANGUAGE_STANDARD = "gnu++20";
				CLANG_ENABLE_MODULES = YES;
				CLANG_ENABLE_OBJC_ARC = YES;
				CLANG_ENABLE_OBJC_WEAK = YES;
				CLANG_WARN_BLOCK_CAPTURE_AUTORELEASING = YES;
				CLANG_WARN_BOOL_CONVERSION = YES;
				CLANG_WARN_COMMA = YES;
				CLANG_WARN_CONSTANT_CONVERSION = YES;
				CLANG_WARN_DEPRECATED_OBJC_IMPLEMENTATIONS = YES;
				CLANG_WARN_DIRECT_OBJC_ISA_USAGE = YES_ERROR;
				CLANG_WARN_DOCUMENTATION_COMMENTS = YES;
				CLANG_WARN_EMPTY_BODY = YES;
				CLANG_WARN_ENUM_CONVERSION = YES;
				CLANG_WARN_INFINITE_RECURSION = YES;
				CLANG_WARN_INT_CONVERSION = YES;
				CLANG_WARN_NON_LITERAL_NULL_CONVERSION = YES;
				CLANG_WARN_OBJC_IMPLICIT_RETAIN_SELF = YES;
				CLANG_WARN_OBJC_LITERAL_CONVERSION = YES;
				CLANG_WARN_OBJC_ROOT_CLASS = YES_ERROR;
				CLANG_WARN_QUOTED_INCLUDE_IN_FRAMEWORK_HEADER = YES;
				CLANG_WARN_RANGE_LOOP_ANALYSIS = YES;
				CLANG_WARN_STRICT_PROTOTYPES = YES;
				CLANG_WARN_SUSPICIOUS_MOVE = YES;
				CLANG_WARN_UNGUARDED_AVAILABILITY = YES_AGGRESSIVE;
				CLANG_WARN_UNREACHABLE_CODE = YES;
				CLANG_WARN__DUPLICATE_METHOD_MATCH = YES;
				COPY_PHASE_STRIP = NO;
				DEBUG_INFORMATION_FORMAT = "dwarf-with-dsym";
				ENABLE_NS_ASSERTIONS = NO;
				ENABLE_STRICT_OBJC_MSGSEND = YES;
				ENABLE_USER_SCRIPT_SANDBOXING = YES;
				GCC_C_LANGUAGE_STANDARD = gnu17;
				GCC_NO_COMMON_BLOCKS = YES;
				GCC_WARN_64_TO_32_BIT_CONVERSION = YES;
				GCC_WARN_ABOUT_RETURN_TYPE = YES_ERROR;
				GCC_WARN_UNDECLARED_SELECTOR = YES;
				GCC_WARN_UNINITIALIZED_AUTOS = YES_AGGRESSIVE;
				GCC_WARN_UNUSED_FUNCTION = YES;
				GCC_WARN_UNUSED_VARIABLE = YES;
				IPHONEOS_DEPLOYMENT_TARGET = 17.0;
				LOCALIZATION_PREFERS_STRING_CATALOGS = YES;
				MTL_ENABLE_DEBUG_INFO = NO;
				MTL_FAST_MATH = YES;
				SDKROOT = iphoneos;
				SWIFT_COMPILATION_MODE = wholemodule;
				VALIDATE_PRODUCT = YES;
			};
			name = Release;
		};
		C5E7140B2AE6D8AA00DA10F5 /* Debug */ = {
			isa = XCBuildConfiguration;
			buildSettings = {
				ASSETCATALOG_COMPILER_APPICON_NAME = AppIcon;
				ASSETCATALOG_COMPILER_GLOBAL_ACCENT_COLOR_NAME = AccentColor;
				CODE_SIGN_STYLE = Automatic;
				CURRENT_PROJECT_VERSION = 1;
				DEVELOPMENT_ASSET_PATHS = "\"scrumdinger/Preview Content\"";
				ENABLE_PREVIEWS = YES;
				GENERATE_INFOPLIST_FILE = YES;
				INFOPLIST_KEY_NSMicrophoneUsageDescription = "Sample micropone usage description";
				INFOPLIST_KEY_NSSpeechRecognitionUsageDescription = "Sample speech recognition description";
				INFOPLIST_KEY_UIApplicationSceneManifest_Generation = YES;
				INFOPLIST_KEY_UIApplicationSupportsIndirectInputEvents = YES;
				INFOPLIST_KEY_UILaunchScreen_Generation = YES;
				INFOPLIST_KEY_UISupportedInterfaceOrientations_iPad = "UIInterfaceOrientationPortrait UIInterfaceOrientationPortraitUpsideDown UIInterfaceOrientationLandscapeLeft UIInterfaceOrientationLandscapeRight";
				INFOPLIST_KEY_UISupportedInterfaceOrientations_iPhone = "UIInterfaceOrientationPortrait UIInterfaceOrientationLandscapeLeft UIInterfaceOrientationLandscapeRight";
				LD_RUNPATH_SEARCH_PATHS = (
					"$(inherited)",
					"@executable_path/Frameworks",
				);
				MARKETING_VERSION = 1.0;
				PRODUCT_BUNDLE_IDENTIFIER = com.bigmikesolutions.scrumdinger;
				PRODUCT_NAME = "$(TARGET_NAME)";
				SWIFT_EMIT_LOC_STRINGS = YES;
				SWIFT_VERSION = 5.0;
				TARGETED_DEVICE_FAMILY = "1,2";
			};
			name = Debug;
		};
		C5E7140C2AE6D8AA00DA10F5 /* Release */ = {
			isa = XCBuildConfiguration;
			buildSettings = {
				ASSETCATALOG_COMPILER_APPICON_NAME = AppIcon;
				ASSETCATALOG_COMPILER_GLOBAL_ACCENT_COLOR_NAME = AccentColor;
				CODE_SIGN_STYLE = Automatic;
				CURRENT_PROJECT_VERSION = 1;
				DEVELOPMENT_ASSET_PATHS = "\"scrumdinger/Preview Content\"";
				ENABLE_PREVIEWS = YES;
				GENERATE_INFOPLIST_FILE = YES;
				INFOPLIST_KEY_NSMicrophoneUsageDescription = "Sample micropone usage description";
				INFOPLIST_KEY_NSSpeechRecognitionUsageDescription = "Sample speech recognition description";
				INFOPLIST_KEY_UIApplicationSceneManifest_Generation = YES;
				INFOPLIST_KEY_UIApplicationSupportsIndirectInputEvents = YES;
				INFOPLIST_KEY_UILaunchScreen_Generation = YES;
				INFOPLIST_KEY_UISupportedInterfaceOrientations_iPad = "UIInterfaceOrientationPortrait UIInterfaceOrientationPortraitUpsideDown UIInterfaceOrientationLandscapeLeft UIInterfaceOrientationLandscapeRight";
				INFOPLIST_KEY_UISupportedInterfaceOrientations_iPhone = "UIInterfaceOrientationPortrait UIInterfaceOrientationLandscapeLeft UIInterfaceOrientationLandscapeRight";
				LD_RUNPATH_SEARCH_PATHS = (
					"$(inherited)",
					"@executable_path/Frameworks",
				);
				MARKETING_VERSION = 1.0;
				PRODUCT_BUNDLE_IDENTIFIER = com.bigmikesolutions.scrumdinger;
				PRODUCT_NAME = "$(TARGET_NAME)";
				SWIFT_EMIT_LOC_STRINGS = YES;
				SWIFT_VERSION = 5.0;
				TARGETED_DEVICE_FAMILY = "1,2";
			};
			name = Release;
		};
		C5E7140E2AE6D8AA00DA10F5 /* Debug */ = {
			isa = XCBuildConfiguration;
			buildSettings = {
				ALWAYS_EMBED_SWIFT_STANDARD_LIBRARIES = YES;
				BUNDLE_LOADER = "$(TEST_HOST)";
				CODE_SIGN_STYLE = Automatic;
				CURRENT_PROJECT_VERSION = 1;
				GENERATE_INFOPLIST_FILE = YES;
				IPHONEOS_DEPLOYMENT_TARGET = 17.0;
				MARKETING_VERSION = 1.0;
				PRODUCT_BUNDLE_IDENTIFIER = com.bigmikesolutions.scrumdingerTests;
				PRODUCT_NAME = "$(TARGET_NAME)";
				SWIFT_EMIT_LOC_STRINGS = NO;
				SWIFT_VERSION = 5.0;
				TARGETED_DEVICE_FAMILY = "1,2";
				TEST_HOST = "$(BUILT_PRODUCTS_DIR)/scrumdinger.app/$(BUNDLE_EXECUTABLE_FOLDER_PATH)/scrumdinger";
			};
			name = Debug;
		};
		C5E7140F2AE6D8AA00DA10F5 /* Release */ = {
			isa = XCBuildConfiguration;
			buildSettings = {
				ALWAYS_EMBED_SWIFT_STANDARD_LIBRARIES = YES;
				BUNDLE_LOADER = "$(TEST_HOST)";
				CODE_SIGN_STYLE = Automatic;
				CURRENT_PROJECT_VERSION = 1;
				GENERATE_INFOPLIST_FILE = YES;
				IPHONEOS_DEPLOYMENT_TARGET = 17.0;
				MARKETING_VERSION = 1.0;
				PRODUCT_BUNDLE_IDENTIFIER = com.bigmikesolutions.scrumdingerTests;
				PRODUCT_NAME = "$(TARGET_NAME)";
				SWIFT_EMIT_LOC_STRINGS = NO;
				SWIFT_VERSION = 5.0;
				TARGETED_DEVICE_FAMILY = "1,2";
				TEST_HOST = "$(BUILT_PRODUCTS_DIR)/scrumdinger.app/$(BUNDLE_EXECUTABLE_FOLDER_PATH)/scrumdinger";
			};
			name = Release;
		};
		C5E714112AE6D8AA00DA10F5 /* Debug */ = {
			isa = XCBuildConfiguration;
			buildSettings = {
				ALWAYS_EMBED_SWIFT_STANDARD_LIBRARIES = YES;
				CODE_SIGN_STYLE = Automatic;
				CURRENT_PROJECT_VERSION = 1;
				GENERATE_INFOPLIST_FILE = YES;
				MARKETING_VERSION = 1.0;
				PRODUCT_BUNDLE_IDENTIFIER = com.bigmikesolutions.scrumdingerUITests;
				PRODUCT_NAME = "$(TARGET_NAME)";
				SWIFT_EMIT_LOC_STRINGS = NO;
				SWIFT_VERSION = 5.0;
				TARGETED_DEVICE_FAMILY = "1,2";
				TEST_TARGET_NAME = scrumdinger;
			};
			name = Debug;
		};
		C5E714122AE6D8AA00DA10F5 /* Release */ = {
			isa = XCBuildConfiguration;
			buildSettings = {
				ALWAYS_EMBED_SWIFT_STANDARD_LIBRARIES = YES;
				CODE_SIGN_STYLE = Automatic;
				CURRENT_PROJECT_VERSION = 1;
				GENERATE_INFOPLIST_FILE = YES;
				MARKETING_VERSION = 1.0;
				PRODUCT_BUNDLE_IDENTIFIER = com.bigmikesolutions.scrumdingerUITests;
				PRODUCT_NAME = "$(TARGET_NAME)";
				SWIFT_EMIT_LOC_STRINGS = NO;
				SWIFT_VERSION = 5.0;
				TARGETED_DEVICE_FAMILY = "1,2";
				TEST_TARGET_NAME = scrumdinger;
			};
			name = Release;
		};
/* End XCBuildConfiguration section */

/* Begin XCConfigurationList section */
		C5E713E12AE6D8A900DA10F5 /* Build configuration list for PBXProject "scrumdinger" */ = {
			isa = XCConfigurationList;
			buildConfigurations = (
				C5E714082AE6D8AA00DA10F5 /* Debug */,
				C5E714092AE6D8AA00DA10F5 /* Release */,
			);
			defaultConfigurationIsVisible = 0;
			defaultConfigurationName = Release;
		};
		C5E7140A2AE6D8AA00DA10F5 /* Build configuration list for PBXNativeTarget "scrumdinger" */ = {
			isa = XCConfigurationList;
			buildConfigurations = (
				C5E7140B2AE6D8AA00DA10F5 /* Debug */,
				C5E7140C2AE6D8AA00DA10F5 /* Release */,
			);
			defaultConfigurationIsVisible = 0;
			defaultConfigurationName = Release;
		};
		C5E7140D2AE6D8AA00DA10F5 /* Build configuration list for PBXNativeTarget "scrumdingerTests" */ = {
			isa = XCConfigurationList;
			buildConfigurations = (
				C5E7140E2AE6D8AA00DA10F5 /* Debug */,
				C5E7140F2AE6D8AA00DA10F5 /* Release */,
			);
			defaultConfigurationIsVisible = 0;
			defaultConfigurationName = Release;
		};
		C5E714102AE6D8AA00DA10F5 /* Build configuration list for PBXNativeTarget "scrumdingerUITests" */ = {
			isa = XCConfigurationList;
			buildConfigurations = (
				C5E714112AE6D8AA00DA10F5 /* Debug */,
				C5E714122AE6D8AA00DA10F5 /* Release */,
			);
			defaultConfigurationIsVisible = 0;
			defaultConfigurationName = Release;
		};
/* End XCConfigurationList section */
	};
	rootObject = C5E713DE2AE6D8A900DA10F5 /* Project object */;
}
